// !$*UTF8*$!
{
	archiveVersion = 1;
	classes = {
	};
	objectVersion = 55;
	objects = {

/* Begin PBXBuildFile section */
		1B07B24428866682003E5922 /* AppDelegate.swift in Sources */ = {isa = PBXBuildFile; fileRef = 1B07B24328866682003E5922 /* AppDelegate.swift */; };
		1B07B24628866682003E5922 /* SceneDelegate.swift in Sources */ = {isa = PBXBuildFile; fileRef = 1B07B24528866682003E5922 /* SceneDelegate.swift */; };
		1B07B24D28866683003E5922 /* Assets.xcassets in Resources */ = {isa = PBXBuildFile; fileRef = 1B07B24C28866683003E5922 /* Assets.xcassets */; };
		1B07B25028866683003E5922 /* LaunchScreen.storyboard in Resources */ = {isa = PBXBuildFile; fileRef = 1B07B24E28866683003E5922 /* LaunchScreen.storyboard */; };
		BF7772642914A459002877DD /* Main.storyboard in Resources */ = {isa = PBXBuildFile; fileRef = BF7772632914A459002877DD /* Main.storyboard */; };
		BF77727429170776002877DD /* PlanetViewController.swift in Sources */ = {isa = PBXBuildFile; fileRef = BF77727329170776002877DD /* PlanetViewController.swift */; };
		BF777276291719F7002877DD /* DetailViewController.swift in Sources */ = {isa = PBXBuildFile; fileRef = BF777275291719F7002877DD /* DetailViewController.swift */; };
		BF777278291C71CE002877DD /* DetailCollectionViewCell.swift in Sources */ = {isa = PBXBuildFile; fileRef = BF777277291C71CE002877DD /* DetailCollectionViewCell.swift */; };
		BFC4325B290AD1B400CE09F9 /* Planet.swift in Sources */ = {isa = PBXBuildFile; fileRef = BFC4325A290AD1B400CE09F9 /* Planet.swift */; };
		BFC4325D290AD1D600CE09F9 /* PlanetController.swift in Sources */ = {isa = PBXBuildFile; fileRef = BFC4325C290AD1D600CE09F9 /* PlanetController.swift */; };
/* End PBXBuildFile section */

/* Begin PBXFileReference section */
		1B07B24028866682003E5922 /* SolarSystem.app */ = {isa = PBXFileReference; explicitFileType = wrapper.application; includeInIndex = 0; path = SolarSystem.app; sourceTree = BUILT_PRODUCTS_DIR; };
		1B07B24328866682003E5922 /* AppDelegate.swift */ = {isa = PBXFileReference; lastKnownFileType = sourcecode.swift; path = AppDelegate.swift; sourceTree = "<group>"; };
		1B07B24528866682003E5922 /* SceneDelegate.swift */ = {isa = PBXFileReference; lastKnownFileType = sourcecode.swift; path = SceneDelegate.swift; sourceTree = "<group>"; };
		1B07B24C28866683003E5922 /* Assets.xcassets */ = {isa = PBXFileReference; lastKnownFileType = folder.assetcatalog; path = Assets.xcassets; sourceTree = "<group>"; };
		1B07B24F28866683003E5922 /* Base */ = {isa = PBXFileReference; lastKnownFileType = file.storyboard; name = Base; path = Base.lproj/LaunchScreen.storyboard; sourceTree = "<group>"; };
		1B07B25128866683003E5922 /* Info.plist */ = {isa = PBXFileReference; lastKnownFileType = text.plist.xml; path = Info.plist; sourceTree = "<group>"; };
		BF7772632914A459002877DD /* Main.storyboard */ = {isa = PBXFileReference; lastKnownFileType = file.storyboard; path = Main.storyboard; sourceTree = "<group>"; };
		BF77727329170776002877DD /* PlanetViewController.swift */ = {isa = PBXFileReference; lastKnownFileType = sourcecode.swift; path = PlanetViewController.swift; sourceTree = "<group>"; };
		BF777275291719F7002877DD /* DetailViewController.swift */ = {isa = PBXFileReference; lastKnownFileType = sourcecode.swift; path = DetailViewController.swift; sourceTree = "<group>"; };
		BF777277291C71CE002877DD /* DetailCollectionViewCell.swift */ = {isa = PBXFileReference; lastKnownFileType = sourcecode.swift; path = DetailCollectionViewCell.swift; sourceTree = "<group>"; };
		BFC4325A290AD1B400CE09F9 /* Planet.swift */ = {isa = PBXFileReference; lastKnownFileType = sourcecode.swift; path = Planet.swift; sourceTree = "<group>"; };
		BFC4325C290AD1D600CE09F9 /* PlanetController.swift */ = {isa = PBXFileReference; lastKnownFileType = sourcecode.swift; path = PlanetController.swift; sourceTree = "<group>"; };
/* End PBXFileReference section */

/* Begin PBXFrameworksBuildPhase section */
		1B07B23D28866681003E5922 /* Frameworks */ = {
			isa = PBXFrameworksBuildPhase;
			buildActionMask = 2147483647;
			files = (
			);
			runOnlyForDeploymentPostprocessing = 0;
		};
/* End PBXFrameworksBuildPhase section */

/* Begin PBXGroup section */
		1B07B23728866681003E5922 = {
			isa = PBXGroup;
			children = (
				1B07B24228866682003E5922 /* SolarSystem */,
				1B07B24128866682003E5922 /* Products */,
			);
			sourceTree = "<group>";
		};
		1B07B24128866682003E5922 /* Products */ = {
			isa = PBXGroup;
			children = (
				1B07B24028866682003E5922 /* SolarSystem.app */,
			);
			name = Products;
			sourceTree = "<group>";
		};
		1B07B24228866682003E5922 /* SolarSystem */ = {
			isa = PBXGroup;
			children = (
				BF777271291706F1002877DD /* Resources */,
				BF77726F291706C3002877DD /* View Controller */,
				BF7772722917070C002877DD /* View */,
				1B07B25128866683003E5922 /* Info.plist */,
				BF77726E29170694002877DD /* Model Controller */,
				BF77726D29170680002877DD /* Model */,
			);
			path = SolarSystem;
			sourceTree = "<group>";
		};
		BF77726D29170680002877DD /* Model */ = {
			isa = PBXGroup;
			children = (
				BFC4325A290AD1B400CE09F9 /* Planet.swift */,
			);
			path = Model;
			sourceTree = "<group>";
		};
		BF77726E29170694002877DD /* Model Controller */ = {
			isa = PBXGroup;
			children = (
				BFC4325C290AD1D600CE09F9 /* PlanetController.swift */,
			);
			path = "Model Controller";
			sourceTree = "<group>";
		};
		BF77726F291706C3002877DD /* View Controller */ = {
			isa = PBXGroup;
			children = (
				BF77727329170776002877DD /* PlanetViewController.swift */,
				BF777275291719F7002877DD /* DetailViewController.swift */,
				BF777277291C71CE002877DD /* DetailCollectionViewCell.swift */,
			);
			path = "View Controller";
			sourceTree = "<group>";
		};
		BF777271291706F1002877DD /* Resources */ = {
			isa = PBXGroup;
			children = (
				1B07B24528866682003E5922 /* SceneDelegate.swift */,
				1B07B24328866682003E5922 /* AppDelegate.swift */,
				1B07B24C28866683003E5922 /* Assets.xcassets */,
			);
			path = Resources;
			sourceTree = "<group>";
		};
		BF7772722917070C002877DD /* View */ = {
			isa = PBXGroup;
			children = (
				BF7772632914A459002877DD /* Main.storyboard */,
				1B07B24E28866683003E5922 /* LaunchScreen.storyboard */,
			);
			path = View;
			sourceTree = "<group>";
		};
/* End PBXGroup section */

/* Begin PBXNativeTarget section */
		1B07B23F28866681003E5922 /* SolarSystem */ = {
			isa = PBXNativeTarget;
			buildConfigurationList = 1B07B25428866683003E5922 /* Build configuration list for PBXNativeTarget "SolarSystem" */;
			buildPhases = (
				1B07B23C28866681003E5922 /* Sources */,
				1B07B23D28866681003E5922 /* Frameworks */,
				1B07B23E28866681003E5922 /* Resources */,
			);
			buildRules = (
			);
			dependencies = (
			);
			name = SolarSystem;
			productName = SolarSystem;
			productReference = 1B07B24028866682003E5922 /* SolarSystem.app */;
			productType = "com.apple.product-type.application";
		};
/* End PBXNativeTarget section */

/* Begin PBXProject section */
		1B07B23828866681003E5922 /* Project object */ = {
			isa = PBXProject;
			attributes = {
				BuildIndependentTargetsInParallel = 1;
				LastSwiftUpdateCheck = 1340;
				LastUpgradeCheck = 1340;
				TargetAttributes = {
					1B07B23F28866681003E5922 = {
						CreatedOnToolsVersion = 13.4.1;
					};
				};
			};
			buildConfigurationList = 1B07B23B28866681003E5922 /* Build configuration list for PBXProject "SolarSystem" */;
			compatibilityVersion = "Xcode 13.0";
			developmentRegion = en;
			hasScannedForEncodings = 0;
			knownRegions = (
				en,
				Base,
			);
			mainGroup = 1B07B23728866681003E5922;
			productRefGroup = 1B07B24128866682003E5922 /* Products */;
			projectDirPath = "";
			projectRoot = "";
			targets = (
				1B07B23F28866681003E5922 /* SolarSystem */,
			);
		};
/* End PBXProject section */

/* Begin PBXResourcesBuildPhase section */
		1B07B23E28866681003E5922 /* Resources */ = {
			isa = PBXResourcesBuildPhase;
			buildActionMask = 2147483647;
			files = (
				BF7772642914A459002877DD /* Main.storyboard in Resources */,
				1B07B25028866683003E5922 /* LaunchScreen.storyboard in Resources */,
				1B07B24D28866683003E5922 /* Assets.xcassets in Resources */,
			);
			runOnlyForDeploymentPostprocessing = 0;
		};
/* End PBXResourcesBuildPhase section */

/* Begin PBXSourcesBuildPhase section */
		1B07B23C28866681003E5922 /* Sources */ = {
			isa = PBXSourcesBuildPhase;
			buildActionMask = 2147483647;
			files = (
				BF777278291C71CE002877DD /* DetailCollectionViewCell.swift in Sources */,
				1B07B24428866682003E5922 /* AppDelegate.swift in Sources */,
				BF77727429170776002877DD /* PlanetViewController.swift in Sources */,
				1B07B24628866682003E5922 /* SceneDelegate.swift in Sources */,
				BF777276291719F7002877DD /* DetailViewController.swift in Sources */,
				BFC4325B290AD1B400CE09F9 /* Planet.swift in Sources */,
				BFC4325D290AD1D600CE09F9 /* PlanetController.swift in Sources */,
			);
			runOnlyForDeploymentPostprocessing = 0;
		};
/* End PBXSourcesBuildPhase section */

/* Begin PBXVariantGroup section */
		1B07B24E28866683003E5922 /* LaunchScreen.storyboard */ = {
			isa = PBXVariantGroup;
			children = (
				1B07B24F28866683003E5922 /* Base */,
			);
			name = LaunchScreen.storyboard;
			sourceTree = "<group>";
		};
/* End PBXVariantGroup section */

/* Begin XCBuildConfiguration section */
		1B07B25228866683003E5922 /* Debug */ = {
			isa = XCBuildConfiguration;
			buildSettings = {
				ALWAYS_SEARCH_USER_PATHS = NO;
				CLANG_ANALYZER_NONNULL = YES;
				CLANG_ANALYZER_NUMBER_OBJECT_CONVERSION = YES_AGGRESSIVE;
				CLANG_CXX_LANGUAGE_STANDARD = "gnu++17";
				CLANG_ENABLE_MODULES = YES;
				CLANG_ENABLE_OBJC_ARC = YES;
				CLANG_ENABLE_OBJC_WEAK = YES;
				CLANG_WARN_BLOCK_CAPTURE_AUTORELEASING = YES;
				CLANG_WARN_BOOL_CONVERSION = YES;
				CLANG_WARN_COMMA = YES;
				CLANG_WARN_CONSTANT_CONVERSION = YES;
				CLANG_WARN_DEPRECATED_OBJC_IMPLEMENTATIONS = YES;
				CLANG_WARN_DIRECT_OBJC_ISA_USAGE = YES_ERROR;
				CLANG_WARN_DOCUMENTATION_COMMENTS = YES;
				CLANG_WARN_EMPTY_BODY = YES;
				CLANG_WARN_ENUM_CONVERSION = YES;
				CLANG_WARN_INFINITE_RECURSION = YES;
				CLANG_WARN_INT_CONVERSION = YES;
				CLANG_WARN_NON_LITERAL_NULL_CONVERSION = YES;
				CLANG_WARN_OBJC_IMPLICIT_RETAIN_SELF = YES;
				CLANG_WARN_OBJC_LITERAL_CONVERSION = YES;
				CLANG_WARN_OBJC_ROOT_CLASS = YES_ERROR;
				CLANG_WARN_QUOTED_INCLUDE_IN_FRAMEWORK_HEADER = YES;
				CLANG_WARN_RANGE_LOOP_ANALYSIS = YES;
				CLANG_WARN_STRICT_PROTOTYPES = YES;
				CLANG_WARN_SUSPICIOUS_MOVE = YES;
				CLANG_WARN_UNGUARDED_AVAILABILITY = YES_AGGRESSIVE;
				CLANG_WARN_UNREACHABLE_CODE = YES;
				CLANG_WARN__DUPLICATE_METHOD_MATCH = YES;
				COPY_PHASE_STRIP = NO;
				DEBUG_INFORMATION_FORMAT = dwarf;
				ENABLE_STRICT_OBJC_MSGSEND = YES;
				ENABLE_TESTABILITY = YES;
				GCC_C_LANGUAGE_STANDARD = gnu11;
				GCC_DYNAMIC_NO_PIC = NO;
				GCC_NO_COMMON_BLOCKS = YES;
				GCC_OPTIMIZATION_LEVEL = 0;
				GCC_PREPROCESSOR_DEFINITIONS = (
					"DEBUG=1",
					"$(inherited)",
				);
				GCC_WARN_64_TO_32_BIT_CONVERSION = YES;
				GCC_WARN_ABOUT_RETURN_TYPE = YES_ERROR;
				GCC_WARN_UNDECLARED_SELECTOR = YES;
				GCC_WARN_UNINITIALIZED_AUTOS = YES_AGGRESSIVE;
				GCC_WARN_UNUSED_FUNCTION = YES;
				GCC_WARN_UNUSED_VARIABLE = YES;
				IPHONEOS_DEPLOYMENT_TARGET = 15.5;
				MTL_ENABLE_DEBUG_INFO = INCLUDE_SOURCE;
				MTL_FAST_MATH = YES;
				ONLY_ACTIVE_ARCH = YES;
				SDKROOT = iphoneos;
				SWIFT_ACTIVE_COMPILATION_CONDITIONS = DEBUG;
				SWIFT_OPTIMIZATION_LEVEL = "-Onone";
			};
			name = Debug;
		};
		1B07B25328866683003E5922 /* Release */ = {
			isa = XCBuildConfiguration;
			buildSettings = {
				ALWAYS_SEARCH_USER_PATHS = NO;
				CLANG_ANALYZER_NONNULL = YES;
				CLANG_ANALYZER_NUMBER_OBJECT_CONVERSION = YES_AGGRESSIVE;
				CLANG_CXX_LANGUAGE_STANDARD = "gnu++17";
				CLANG_ENABLE_MODULES = YES;
				CLANG_ENABLE_OBJC_ARC = YES;
				CLANG_ENABLE_OBJC_WEAK = YES;
				CLANG_WARN_BLOCK_CAPTURE_AUTORELEASING = YES;
				CLANG_WARN_BOOL_CONVERSION = YES;
				CLANG_WARN_COMMA = YES;
				CLANG_WARN_CONSTANT_CONVERSION = YES;
				CLANG_WARN_DEPRECATED_OBJC_IMPLEMENTATIONS = YES;
				CLANG_WARN_DIRECT_OBJC_ISA_USAGE = YES_ERROR;
				CLANG_WARN_DOCUMENTATION_COMMENTS = YES;
				CLANG_WARN_EMPTY_BODY = YES;
				CLANG_WARN_ENUM_CONVERSION = YES;
				CLANG_WARN_INFINITE_RECURSION = YES;
				CLANG_WARN_INT_CONVERSION = YES;
				CLANG_WARN_NON_LITERAL_NULL_CONVERSION = YES;
				CLANG_WARN_OBJC_IMPLICIT_RETAIN_SELF = YES;
				CLANG_WARN_OBJC_LITERAL_CONVERSION = YES;
				CLANG_WARN_OBJC_ROOT_CLASS = YES_ERROR;
				CLANG_WARN_QUOTED_INCLUDE_IN_FRAMEWORK_HEADER = YES;
				CLANG_WARN_RANGE_LOOP_ANALYSIS = YES;
				CLANG_WARN_STRICT_PROTOTYPES = YES;
				CLANG_WARN_SUSPICIOUS_MOVE = YES;
				CLANG_WARN_UNGUARDED_AVAILABILITY = YES_AGGRESSIVE;
				CLANG_WARN_UNREACHABLE_CODE = YES;
				CLANG_WARN__DUPLICATE_METHOD_MATCH = YES;
				COPY_PHASE_STRIP = NO;
				DEBUG_INFORMATION_FORMAT = "dwarf-with-dsym";
				ENABLE_NS_ASSERTIONS = NO;
				ENABLE_STRICT_OBJC_MSGSEND = YES;
				GCC_C_LANGUAGE_STANDARD = gnu11;
				GCC_NO_COMMON_BLOCKS = YES;
				GCC_WARN_64_TO_32_BIT_CONVERSION = YES;
				GCC_WARN_ABOUT_RETURN_TYPE = YES_ERROR;
				GCC_WARN_UNDECLARED_SELECTOR = YES;
				GCC_WARN_UNINITIALIZED_AUTOS = YES_AGGRESSIVE;
				GCC_WARN_UNUSED_FUNCTION = YES;
				GCC_WARN_UNUSED_VARIABLE = YES;
				IPHONEOS_DEPLOYMENT_TARGET = 15.5;
				MTL_ENABLE_DEBUG_INFO = NO;
				MTL_FAST_MATH = YES;
				SDKROOT = iphoneos;
				SWIFT_COMPILATION_MODE = wholemodule;
				SWIFT_OPTIMIZATION_LEVEL = "-O";
				VALIDATE_PRODUCT = YES;
			};
			name = Release;
		};
		1B07B25528866683003E5922 /* Debug */ = {
			isa = XCBuildConfiguration;
			buildSettings = {
				ASSETCATALOG_COMPILER_APPICON_NAME = AppIcon;
				ASSETCATALOG_COMPILER_GLOBAL_ACCENT_COLOR_NAME = AccentColor;
				CODE_SIGN_STYLE = Automatic;
				CURRENT_PROJECT_VERSION = 1;
				DEVELOPMENT_TEAM = L7AYJDAX2C;
				GENERATE_INFOPLIST_FILE = YES;
				INFOPLIST_FILE = SolarSystem/Info.plist;
				INFOPLIST_KEY_UIApplicationSupportsIndirectInputEvents = YES;
				INFOPLIST_KEY_UILaunchStoryboardName = LaunchScreen;
				INFOPLIST_KEY_UIMainStoryboardFile = Main;
				INFOPLIST_KEY_UISupportedInterfaceOrientations_iPad = "UIInterfaceOrientationPortrait UIInterfaceOrientationPortraitUpsideDown UIInterfaceOrientationLandscapeLeft UIInterfaceOrientationLandscapeRight";
				INFOPLIST_KEY_UISupportedInterfaceOrientations_iPhone = "UIInterfaceOrientationPortrait UIInterfaceOrientationLandscapeLeft UIInterfaceOrientationLandscapeRight";
				LD_RUNPATH_SEARCH_PATHS = (
					"$(inherited)",
					"@executable_path/Frameworks",
				);
				MARKETING_VERSION = 1.0;
				PRODUCT_BUNDLE_IDENTIFIER = com.cactusAppsLLC.SolarSystem;
				PRODUCT_NAME = "$(TARGET_NAME)";
				SWIFT_EMIT_LOC_STRINGS = YES;
				SWIFT_VERSION = 5.0;
				TARGETED_DEVICE_FAMILY = "1,2";
			};
			name = Debug;
		};
		1B07B25628866683003E5922 /* Release */ = {
			isa = XCBuildConfiguration;
			buildSettings = {
				ASSETCATALOG_COMPILER_APPICON_NAME = AppIcon;
				ASSETCATALOG_COMPILER_GLOBAL_ACCENT_COLOR_NAME = AccentColor;
				CODE_SIGN_STYLE = Automatic;
				CURRENT_PROJECT_VERSION = 1;
				DEVELOPMENT_TEAM = L7AYJDAX2C;
				GENERATE_INFOPLIST_FILE = YES;
				INFOPLIST_FILE = SolarSystem/Info.plist;
				INFOPLIST_KEY_UIApplicationSupportsIndirectInputEvents = YES;
				INFOPLIST_KEY_UILaunchStoryboardName = LaunchScreen;
				INFOPLIST_KEY_UIMainStoryboardFile = Main;
				INFOPLIST_KEY_UISupportedInterfaceOrientations_iPad = "UIInterfaceOrientationPortrait UIInterfaceOrientationPortraitUpsideDown UIInterfaceOrientationLandscapeLeft UIInterfaceOrientationLandscapeRight";
				INFOPLIST_KEY_UISupportedInterfaceOrientations_iPhone = "UIInterfaceOrientationPortrait UIInterfaceOrientationLandscapeLeft UIInterfaceOrientationLandscapeRight";
				LD_RUNPATH_SEARCH_PATHS = (
					"$(inherited)",
					"@executable_path/Frameworks",
				);
				MARKETING_VERSION = 1.0;
				PRODUCT_BUNDLE_IDENTIFIER = com.cactusAppsLLC.SolarSystem;
				PRODUCT_NAME = "$(TARGET_NAME)";
				SWIFT_EMIT_LOC_STRINGS = YES;
				SWIFT_VERSION = 5.0;
				TARGETED_DEVICE_FAMILY = "1,2";
			};
			name = Release;
		};
/* End XCBuildConfiguration section */

/* Begin XCConfigurationList section */
		1B07B23B28866681003E5922 /* Build configuration list for PBXProject "SolarSystem" */ = {
			isa = XCConfigurationList;
			buildConfigurations = (
				1B07B25228866683003E5922 /* Debug */,
				1B07B25328866683003E5922 /* Release */,
			);
			defaultConfigurationIsVisible = 0;
			defaultConfigurationName = Release;
		};
		1B07B25428866683003E5922 /* Build configuration list for PBXNativeTarget "SolarSystem" */ = {
			isa = XCConfigurationList;
			buildConfigurations = (
				1B07B25528866683003E5922 /* Debug */,
				1B07B25628866683003E5922 /* Release */,
			);
			defaultConfigurationIsVisible = 0;
			defaultConfigurationName = Release;
		};
/* End XCConfigurationList section */
	};
	rootObject = 1B07B23828866681003E5922 /* Project object */;
}
